// !$*UTF8*$!
{
	archiveVersion = 1;
	classes = {
	};
	objectVersion = 46;
	objects = {

/* Begin PBXBuildFile section */
		3F04CEBB1DCD9CEA009D8D39 /* main.m in Sources */ = {isa = PBXBuildFile; fileRef = 3F04CEBA1DCD9CEA009D8D39 /* main.m */; };
		3F04CEBE1DCD9CEA009D8D39 /* AppDelegate.m in Sources */ = {isa = PBXBuildFile; fileRef = 3F04CEBD1DCD9CEA009D8D39 /* AppDelegate.m */; };
		3F04CEC11DCD9CEA009D8D39 /* ViewController.m in Sources */ = {isa = PBXBuildFile; fileRef = 3F04CEC01DCD9CEA009D8D39 /* ViewController.m */; };
		3F04CEC41DCD9CEA009D8D39 /* Main.storyboard in Resources */ = {isa = PBXBuildFile; fileRef = 3F04CEC21DCD9CEA009D8D39 /* Main.storyboard */; };
		3F04CEC71DCD9CEA009D8D39 /* taskipa.xcdatamodeld in Sources */ = {isa = PBXBuildFile; fileRef = 3F04CEC51DCD9CEA009D8D39 /* taskipa.xcdatamodeld */; };
		3F04CEC91DCD9CEA009D8D39 /* Assets.xcassets in Resources */ = {isa = PBXBuildFile; fileRef = 3F04CEC81DCD9CEA009D8D39 /* Assets.xcassets */; };
		3F04CECC1DCD9CEA009D8D39 /* LaunchScreen.storyboard in Resources */ = {isa = PBXBuildFile; fileRef = 3F04CECA1DCD9CEA009D8D39 /* LaunchScreen.storyboard */; };
		3F04CED71DCD9CEA009D8D39 /* taskipaTests.m in Sources */ = {isa = PBXBuildFile; fileRef = 3F04CED61DCD9CEA009D8D39 /* taskipaTests.m */; };
		3F04CEE21DCD9CEA009D8D39 /* taskipaUITests.m in Sources */ = {isa = PBXBuildFile; fileRef = 3F04CEE11DCD9CEA009D8D39 /* taskipaUITests.m */; };
/* End PBXBuildFile section */

/* Begin PBXContainerItemProxy section */
		3F04CED31DCD9CEA009D8D39 /* PBXContainerItemProxy */ = {
			isa = PBXContainerItemProxy;
			containerPortal = 3F04CEAE1DCD9CE9009D8D39 /* Project object */;
			proxyType = 1;
			remoteGlobalIDString = 3F04CEB51DCD9CE9009D8D39;
			remoteInfo = taskipa;
		};
		3F04CEDE1DCD9CEA009D8D39 /* PBXContainerItemProxy */ = {
			isa = PBXContainerItemProxy;
			containerPortal = 3F04CEAE1DCD9CE9009D8D39 /* Project object */;
			proxyType = 1;
			remoteGlobalIDString = 3F04CEB51DCD9CE9009D8D39;
			remoteInfo = taskipa;
		};
/* End PBXContainerItemProxy section */

/* Begin PBXFileReference section */
		3F04CEB61DCD9CEA009D8D39 /* taskipa.app */ = {isa = PBXFileReference; explicitFileType = wrapper.application; includeInIndex = 0; path = taskipa.app; sourceTree = BUILT_PRODUCTS_DIR; };
		3F04CEBA1DCD9CEA009D8D39 /* main.m */ = {isa = PBXFileReference; lastKnownFileType = sourcecode.c.objc; path = main.m; sourceTree = "<group>"; };
		3F04CEBC1DCD9CEA009D8D39 /* AppDelegate.h */ = {isa = PBXFileReference; lastKnownFileType = sourcecode.c.h; path = AppDelegate.h; sourceTree = "<group>"; };
		3F04CEBD1DCD9CEA009D8D39 /* AppDelegate.m */ = {isa = PBXFileReference; lastKnownFileType = sourcecode.c.objc; path = AppDelegate.m; sourceTree = "<group>"; };
		3F04CEBF1DCD9CEA009D8D39 /* ViewController.h */ = {isa = PBXFileReference; lastKnownFileType = sourcecode.c.h; path = ViewController.h; sourceTree = "<group>"; };
		3F04CEC01DCD9CEA009D8D39 /* ViewController.m */ = {isa = PBXFileReference; lastKnownFileType = sourcecode.c.objc; path = ViewController.m; sourceTree = "<group>"; };
		3F04CEC31DCD9CEA009D8D39 /* Base */ = {isa = PBXFileReference; lastKnownFileType = file.storyboard; name = Base; path = Base.lproj/Main.storyboard; sourceTree = "<group>"; };
		3F04CEC61DCD9CEA009D8D39 /* taskipa.xcdatamodel */ = {isa = PBXFileReference; lastKnownFileType = wrapper.xcdatamodel; path = taskipa.xcdatamodel; sourceTree = "<group>"; };
		3F04CEC81DCD9CEA009D8D39 /* Assets.xcassets */ = {isa = PBXFileReference; lastKnownFileType = folder.assetcatalog; path = Assets.xcassets; sourceTree = "<group>"; };
		3F04CECB1DCD9CEA009D8D39 /* Base */ = {isa = PBXFileReference; lastKnownFileType = file.storyboard; name = Base; path = Base.lproj/LaunchScreen.storyboard; sourceTree = "<group>"; };
		3F04CECD1DCD9CEA009D8D39 /* Info.plist */ = {isa = PBXFileReference; lastKnownFileType = text.plist.xml; path = Info.plist; sourceTree = "<group>"; };
		3F04CED21DCD9CEA009D8D39 /* taskipaTests.xctest */ = {isa = PBXFileReference; explicitFileType = wrapper.cfbundle; includeInIndex = 0; path = taskipaTests.xctest; sourceTree = BUILT_PRODUCTS_DIR; };
		3F04CED61DCD9CEA009D8D39 /* taskipaTests.m */ = {isa = PBXFileReference; lastKnownFileType = sourcecode.c.objc; path = taskipaTests.m; sourceTree = "<group>"; };
		3F04CED81DCD9CEA009D8D39 /* Info.plist */ = {isa = PBXFileReference; lastKnownFileType = text.plist.xml; path = Info.plist; sourceTree = "<group>"; };
		3F04CEDD1DCD9CEA009D8D39 /* taskipaUITests.xctest */ = {isa = PBXFileReference; explicitFileType = wrapper.cfbundle; includeInIndex = 0; path = taskipaUITests.xctest; sourceTree = BUILT_PRODUCTS_DIR; };
		3F04CEE11DCD9CEA009D8D39 /* taskipaUITests.m */ = {isa = PBXFileReference; lastKnownFileType = sourcecode.c.objc; path = taskipaUITests.m; sourceTree = "<group>"; };
		3F04CEE31DCD9CEA009D8D39 /* Info.plist */ = {isa = PBXFileReference; lastKnownFileType = text.plist.xml; path = Info.plist; sourceTree = "<group>"; };
/* End PBXFileReference section */

/* Begin PBXFrameworksBuildPhase section */
		3F04CEB31DCD9CE9009D8D39 /* Frameworks */ = {
			isa = PBXFrameworksBuildPhase;
			buildActionMask = 2147483647;
			files = (
			);
			runOnlyForDeploymentPostprocessing = 0;
		};
		3F04CECF1DCD9CEA009D8D39 /* Frameworks */ = {
			isa = PBXFrameworksBuildPhase;
			buildActionMask = 2147483647;
			files = (
			);
			runOnlyForDeploymentPostprocessing = 0;
		};
		3F04CEDA1DCD9CEA009D8D39 /* Frameworks */ = {
			isa = PBXFrameworksBuildPhase;
			buildActionMask = 2147483647;
			files = (
			);
			runOnlyForDeploymentPostprocessing = 0;
		};
/* End PBXFrameworksBuildPhase section */

/* Begin PBXGroup section */
		3F04CEAD1DCD9CE9009D8D39 = {
			isa = PBXGroup;
			children = (
				3F04CEB81DCD9CEA009D8D39 /* taskipa */,
				3F04CED51DCD9CEA009D8D39 /* taskipaTests */,
				3F04CEE01DCD9CEA009D8D39 /* taskipaUITests */,
				3F04CEB71DCD9CEA009D8D39 /* Products */,
			);
			sourceTree = "<group>";
		};
		3F04CEB71DCD9CEA009D8D39 /* Products */ = {
			isa = PBXGroup;
			children = (
				3F04CEB61DCD9CEA009D8D39 /* taskipa.app */,
				3F04CED21DCD9CEA009D8D39 /* taskipaTests.xctest */,
				3F04CEDD1DCD9CEA009D8D39 /* taskipaUITests.xctest */,
			);
			name = Products;
			sourceTree = "<group>";
		};
		3F04CEB81DCD9CEA009D8D39 /* taskipa */ = {
			isa = PBXGroup;
			children = (
				3F04CEBC1DCD9CEA009D8D39 /* AppDelegate.h */,
				3F04CEBD1DCD9CEA009D8D39 /* AppDelegate.m */,
				3F04CEBF1DCD9CEA009D8D39 /* ViewController.h */,
				3F04CEC01DCD9CEA009D8D39 /* ViewController.m */,
				3F04CEC21DCD9CEA009D8D39 /* Main.storyboard */,
				3F04CEC81DCD9CEA009D8D39 /* Assets.xcassets */,
				3F04CECA1DCD9CEA009D8D39 /* LaunchScreen.storyboard */,
				3F04CECD1DCD9CEA009D8D39 /* Info.plist */,
				3F04CEC51DCD9CEA009D8D39 /* taskipa.xcdatamodeld */,
				3F04CEB91DCD9CEA009D8D39 /* Supporting Files */,
			);
			path = taskipa;
			sourceTree = "<group>";
		};
		3F04CEB91DCD9CEA009D8D39 /* Supporting Files */ = {
			isa = PBXGroup;
			children = (
				3F04CEBA1DCD9CEA009D8D39 /* main.m */,
			);
			name = "Supporting Files";
			sourceTree = "<group>";
		};
		3F04CED51DCD9CEA009D8D39 /* taskipaTests */ = {
			isa = PBXGroup;
			children = (
				3F04CED61DCD9CEA009D8D39 /* taskipaTests.m */,
				3F04CED81DCD9CEA009D8D39 /* Info.plist */,
			);
			path = taskipaTests;
			sourceTree = "<group>";
		};
		3F04CEE01DCD9CEA009D8D39 /* taskipaUITests */ = {
			isa = PBXGroup;
			children = (
				3F04CEE11DCD9CEA009D8D39 /* taskipaUITests.m */,
				3F04CEE31DCD9CEA009D8D39 /* Info.plist */,
			);
			path = taskipaUITests;
			sourceTree = "<group>";
		};
/* End PBXGroup section */

/* Begin PBXNativeTarget section */
		3F04CEB51DCD9CE9009D8D39 /* taskipa */ = {
			isa = PBXNativeTarget;
			buildConfigurationList = 3F04CEE61DCD9CEA009D8D39 /* Build configuration list for PBXNativeTarget "taskipa" */;
			buildPhases = (
				3F04CEB21DCD9CE9009D8D39 /* Sources */,
				3F04CEB31DCD9CE9009D8D39 /* Frameworks */,
				3F04CEB41DCD9CE9009D8D39 /* Resources */,
			);
			buildRules = (
			);
			dependencies = (
			);
			name = taskipa;
			productName = taskipa;
			productReference = 3F04CEB61DCD9CEA009D8D39 /* taskipa.app */;
			productType = "com.apple.product-type.application";
		};
		3F04CED11DCD9CEA009D8D39 /* taskipaTests */ = {
			isa = PBXNativeTarget;
			buildConfigurationList = 3F04CEE91DCD9CEA009D8D39 /* Build configuration list for PBXNativeTarget "taskipaTests" */;
			buildPhases = (
				3F04CECE1DCD9CEA009D8D39 /* Sources */,
				3F04CECF1DCD9CEA009D8D39 /* Frameworks */,
				3F04CED01DCD9CEA009D8D39 /* Resources */,
			);
			buildRules = (
			);
			dependencies = (
				3F04CED41DCD9CEA009D8D39 /* PBXTargetDependency */,
			);
			name = taskipaTests;
			productName = taskipaTests;
			productReference = 3F04CED21DCD9CEA009D8D39 /* taskipaTests.xctest */;
			productType = "com.apple.product-type.bundle.unit-test";
		};
		3F04CEDC1DCD9CEA009D8D39 /* taskipaUITests */ = {
			isa = PBXNativeTarget;
			buildConfigurationList = 3F04CEEC1DCD9CEA009D8D39 /* Build configuration list for PBXNativeTarget "taskipaUITests" */;
			buildPhases = (
				3F04CED91DCD9CEA009D8D39 /* Sources */,
				3F04CEDA1DCD9CEA009D8D39 /* Frameworks */,
				3F04CEDB1DCD9CEA009D8D39 /* Resources */,
			);
			buildRules = (
			);
			dependencies = (
				3F04CEDF1DCD9CEA009D8D39 /* PBXTargetDependency */,
			);
			name = taskipaUITests;
			productName = taskipaUITests;
			productReference = 3F04CEDD1DCD9CEA009D8D39 /* taskipaUITests.xctest */;
			productType = "com.apple.product-type.bundle.ui-testing";
		};
/* End PBXNativeTarget section */

/* Begin PBXProject section */
		3F04CEAE1DCD9CE9009D8D39 /* Project object */ = {
			isa = PBXProject;
			attributes = {
				LastUpgradeCheck = 0720;
				ORGANIZATIONNAME = brninfotech;
				TargetAttributes = {
					3F04CEB51DCD9CE9009D8D39 = {
						CreatedOnToolsVersion = 7.2;
						DevelopmentTeam = CBYC7LUQF6;
					};
					3F04CED11DCD9CEA009D8D39 = {
						CreatedOnToolsVersion = 7.2;
						DevelopmentTeam = CBYC7LUQF6;
						TestTargetID = 3F04CEB51DCD9CE9009D8D39;
					};
					3F04CEDC1DCD9CEA009D8D39 = {
						CreatedOnToolsVersion = 7.2;
						DevelopmentTeam = CBYC7LUQF6;
						TestTargetID = 3F04CEB51DCD9CE9009D8D39;
					};
				};
			};
			buildConfigurationList = 3F04CEB11DCD9CE9009D8D39 /* Build configuration list for PBXProject "taskipa" */;
			compatibilityVersion = "Xcode 3.2";
			developmentRegion = English;
			hasScannedForEncodings = 0;
			knownRegions = (
				en,
				Base,
			);
			mainGroup = 3F04CEAD1DCD9CE9009D8D39;
			productRefGroup = 3F04CEB71DCD9CEA009D8D39 /* Products */;
			projectDirPath = "";
			projectRoot = "";
			targets = (
				3F04CEB51DCD9CE9009D8D39 /* taskipa */,
				3F04CED11DCD9CEA009D8D39 /* taskipaTests */,
				3F04CEDC1DCD9CEA009D8D39 /* taskipaUITests */,
			);
		};
/* End PBXProject section */

/* Begin PBXResourcesBuildPhase section */
		3F04CEB41DCD9CE9009D8D39 /* Resources */ = {
			isa = PBXResourcesBuildPhase;
			buildActionMask = 2147483647;
			files = (
				3F04CECC1DCD9CEA009D8D39 /* LaunchScreen.storyboard in Resources */,
				3F04CEC91DCD9CEA009D8D39 /* Assets.xcassets in Resources */,
				3F04CEC41DCD9CEA009D8D39 /* Main.storyboard in Resources */,
			);
			runOnlyForDeploymentPostprocessing = 0;
		};
		3F04CED01DCD9CEA009D8D39 /* Resources */ = {
			isa = PBXResourcesBuildPhase;
			buildActionMask = 2147483647;
			files = (
			);
			runOnlyForDeploymentPostprocessing = 0;
		};
		3F04CEDB1DCD9CEA009D8D39 /* Resources */ = {
			isa = PBXResourcesBuildPhase;
			buildActionMask = 2147483647;
			files = (
			);
			runOnlyForDeploymentPostprocessing = 0;
		};
/* End PBXResourcesBuildPhase section */

/* Begin PBXSourcesBuildPhase section */
		3F04CEB21DCD9CE9009D8D39 /* Sources */ = {
			isa = PBXSourcesBuildPhase;
			buildActionMask = 2147483647;
			files = (
				3F04CEC11DCD9CEA009D8D39 /* ViewController.m in Sources */,
				3F04CEC71DCD9CEA009D8D39 /* taskipa.xcdatamodeld in Sources */,
				3F04CEBE1DCD9CEA009D8D39 /* AppDelegate.m in Sources */,
				3F04CEBB1DCD9CEA009D8D39 /* main.m in Sources */,
			);
			runOnlyForDeploymentPostprocessing = 0;
		};
		3F04CECE1DCD9CEA009D8D39 /* Sources */ = {
			isa = PBXSourcesBuildPhase;
			buildActionMask = 2147483647;
			files = (
				3F04CED71DCD9CEA009D8D39 /* taskipaTests.m in Sources */,
			);
			runOnlyForDeploymentPostprocessing = 0;
		};
		3F04CED91DCD9CEA009D8D39 /* Sources */ = {
			isa = PBXSourcesBuildPhase;
			buildActionMask = 2147483647;
			files = (
				3F04CEE21DCD9CEA009D8D39 /* taskipaUITests.m in Sources */,
			);
			runOnlyForDeploymentPostprocessing = 0;
		};
/* End PBXSourcesBuildPhase section */

/* Begin PBXTargetDependency section */
		3F04CED41DCD9CEA009D8D39 /* PBXTargetDependency */ = {
			isa = PBXTargetDependency;
			target = 3F04CEB51DCD9CE9009D8D39 /* taskipa */;
			targetProxy = 3F04CED31DCD9CEA009D8D39 /* PBXContainerItemProxy */;
		};
		3F04CEDF1DCD9CEA009D8D39 /* PBXTargetDependency */ = {
			isa = PBXTargetDependency;
			target = 3F04CEB51DCD9CE9009D8D39 /* taskipa */;
			targetProxy = 3F04CEDE1DCD9CEA009D8D39 /* PBXContainerItemProxy */;
		};
/* End PBXTargetDependency section */

/* Begin PBXVariantGroup section */
		3F04CEC21DCD9CEA009D8D39 /* Main.storyboard */ = {
			isa = PBXVariantGroup;
			children = (
				3F04CEC31DCD9CEA009D8D39 /* Base */,
			);
			name = Main.storyboard;
			sourceTree = "<group>";
		};
		3F04CECA1DCD9CEA009D8D39 /* LaunchScreen.storyboard */ = {
			isa = PBXVariantGroup;
			children = (
				3F04CECB1DCD9CEA009D8D39 /* Base */,
			);
			name = LaunchScreen.storyboard;
			sourceTree = "<group>";
		};
/* End PBXVariantGroup section */

/* Begin XCBuildConfiguration section */
		3F04CEE41DCD9CEA009D8D39 /* Debug */ = {
			isa = XCBuildConfiguration;
			buildSettings = {
				ALWAYS_SEARCH_USER_PATHS = NO;
				CLANG_CXX_LANGUAGE_STANDARD = "gnu++0x";
				CLANG_CXX_LIBRARY = "libc++";
				CLANG_ENABLE_MODULES = YES;
				CLANG_ENABLE_OBJC_ARC = YES;
				CLANG_WARN_BOOL_CONVERSION = YES;
				CLANG_WARN_CONSTANT_CONVERSION = YES;
				CLANG_WARN_DIRECT_OBJC_ISA_USAGE = YES_ERROR;
				CLANG_WARN_EMPTY_BODY = YES;
				CLANG_WARN_ENUM_CONVERSION = YES;
				CLANG_WARN_INT_CONVERSION = YES;
				CLANG_WARN_OBJC_ROOT_CLASS = YES_ERROR;
				CLANG_WARN_UNREACHABLE_CODE = YES;
				CLANG_WARN__DUPLICATE_METHOD_MATCH = YES;
				"CODE_SIGN_IDENTITY[sdk=iphoneos*]" = "iPhone Developer";
				COPY_PHASE_STRIP = NO;
				DEBUG_INFORMATION_FORMAT = dwarf;
				ENABLE_STRICT_OBJC_MSGSEND = YES;
				ENABLE_TESTABILITY = YES;
				GCC_C_LANGUAGE_STANDARD = gnu99;
				GCC_DYNAMIC_NO_PIC = NO;
				GCC_NO_COMMON_BLOCKS = YES;
				GCC_OPTIMIZATION_LEVEL = 0;
				GCC_PREPROCESSOR_DEFINITIONS = (
					"DEBUG=1",
					"$(inherited)",
				);
				GCC_WARN_64_TO_32_BIT_CONVERSION = YES;
				GCC_WARN_ABOUT_RETURN_TYPE = YES_ERROR;
				GCC_WARN_UNDECLARED_SELECTOR = YES;
				GCC_WARN_UNINITIALIZED_AUTOS = YES_AGGRESSIVE;
				GCC_WARN_UNUSED_FUNCTION = YES;
				GCC_WARN_UNUSED_VARIABLE = YES;
				IPHONEOS_DEPLOYMENT_TARGET = 9.2;
				MTL_ENABLE_DEBUG_INFO = YES;
				ONLY_ACTIVE_ARCH = YES;
				SDKROOT = iphoneos;
				TARGETED_DEVICE_FAMILY = "1,2";
			};
			name = Debug;
		};
		3F04CEE51DCD9CEA009D8D39 /* Release */ = {
			isa = XCBuildConfiguration;
			buildSettings = {
				ALWAYS_SEARCH_USER_PATHS = NO;
				CLANG_CXX_LANGUAGE_STANDARD = "gnu++0x";
				CLANG_CXX_LIBRARY = "libc++";
				CLANG_ENABLE_MODULES = YES;
				CLANG_ENABLE_OBJC_ARC = YES;
				CLANG_WARN_BOOL_CONVERSION = YES;
				CLANG_WARN_CONSTANT_CONVERSION = YES;
				CLANG_WARN_DIRECT_OBJC_ISA_USAGE = YES_ERROR;
				CLANG_WARN_EMPTY_BODY = YES;
				CLANG_WARN_ENUM_CONVERSION = YES;
				CLANG_WARN_INT_CONVERSION = YES;
				CLANG_WARN_OBJC_ROOT_CLASS = YES_ERROR;
				CLANG_WARN_UNREACHABLE_CODE = YES;
				CLANG_WARN__DUPLICATE_METHOD_MATCH = YES;
				"CODE_SIGN_IDENTITY[sdk=iphoneos*]" = "iPhone Developer";
				COPY_PHASE_STRIP = NO;
				DEBUG_INFORMATION_FORMAT = "dwarf-with-dsym";
				ENABLE_NS_ASSERTIONS = NO;
				ENABLE_STRICT_OBJC_MSGSEND = YES;
				GCC_C_LANGUAGE_STANDARD = gnu99;
				GCC_NO_COMMON_BLOCKS = YES;
				GCC_WARN_64_TO_32_BIT_CONVERSION = YES;
				GCC_WARN_ABOUT_RETURN_TYPE = YES_ERROR;
				GCC_WARN_UNDECLARED_SELECTOR = YES;
				GCC_WARN_UNINITIALIZED_AUTOS = YES_AGGRESSIVE;
				GCC_WARN_UNUSED_FUNCTION = YES;
				GCC_WARN_UNUSED_VARIABLE = YES;
				IPHONEOS_DEPLOYMENT_TARGET = 9.2;
				MTL_ENABLE_DEBUG_INFO = NO;
				SDKROOT = iphoneos;
				TARGETED_DEVICE_FAMILY = "1,2";
				VALIDATE_PRODUCT = YES;
			};
			name = Release;
		};
		3F04CEE71DCD9CEA009D8D39 /* Debug */ = {
			isa = XCBuildConfiguration;
			buildSettings = {
				ASSETCATALOG_COMPILER_APPICON_NAME = AppIcon;
				INFOPLIST_FILE = taskipa/Info.plist;
				LD_RUNPATH_SEARCH_PATHS = "$(inherited) @executable_path/Frameworks";
				PRODUCT_BUNDLE_IDENTIFIER = com.brninfotech.taskipa;
				PRODUCT_NAME = "$(TARGET_NAME)";
			};
			name = Debug;
		};
		3F04CEE81DCD9CEA009D8D39 /* Release */ = {
			isa = XCBuildConfiguration;
			buildSettings = {
				ASSETCATALOG_COMPILER_APPICON_NAME = AppIcon;
				INFOPLIST_FILE = taskipa/Info.plist;
				LD_RUNPATH_SEARCH_PATHS = "$(inherited) @executable_path/Frameworks";
				PRODUCT_BUNDLE_IDENTIFIER = com.brninfotech.taskipa;
				PRODUCT_NAME = "$(TARGET_NAME)";
			};
			name = Release;
		};
		3F04CEEA1DCD9CEA009D8D39 /* Debug */ = {
			isa = XCBuildConfiguration;
			buildSettings = {
				BUNDLE_LOADER = "$(TEST_HOST)";
				INFOPLIST_FILE = taskipaTests/Info.plist;
				LD_RUNPATH_SEARCH_PATHS = "$(inherited) @executable_path/Frameworks @loader_path/Frameworks";
				PRODUCT_BUNDLE_IDENTIFIER = com.brninfotech.taskipaTests;
				PRODUCT_NAME = "$(TARGET_NAME)";
				TEST_HOST = "$(BUILT_PRODUCTS_DIR)/taskipa.app/taskipa";
			};
			name = Debug;
		};
		3F04CEEB1DCD9CEA009D8D39 /* Release */ = {
			isa = XCBuildConfiguration;
			buildSettings = {
				BUNDLE_LOADER = "$(TEST_HOST)";
				INFOPLIST_FILE = taskipaTests/Info.plist;
				LD_RUNPATH_SEARCH_PATHS = "$(inherited) @executable_path/Frameworks @loader_path/Frameworks";
				PRODUCT_BUNDLE_IDENTIFIER = com.brninfotech.taskipaTests;
				PRODUCT_NAME = "$(TARGET_NAME)";
				TEST_HOST = "$(BUILT_PRODUCTS_DIR)/taskipa.app/taskipa";
			};
			name = Release;
		};
		3F04CEED1DCD9CEA009D8D39 /* Debug */ = {
			isa = XCBuildConfiguration;
			buildSettings = {
				INFOPLIST_FILE = taskipaUITests/Info.plist;
				LD_RUNPATH_SEARCH_PATHS = "$(inherited) @executable_path/Frameworks @loader_path/Frameworks";
				PRODUCT_BUNDLE_IDENTIFIER = com.brninfotech.taskipaUITests;
				PRODUCT_NAME = "$(TARGET_NAME)";
				TEST_TARGET_NAME = taskipa;
				USES_XCTRUNNER = YES;
			};
			name = Debug;
		};
		3F04CEEE1DCD9CEA009D8D39 /* Release */ = {
			isa = XCBuildConfiguration;
			buildSettings = {
				INFOPLIST_FILE = taskipaUITests/Info.plist;
				LD_RUNPATH_SEARCH_PATHS = "$(inherited) @executable_path/Frameworks @loader_path/Frameworks";
				PRODUCT_BUNDLE_IDENTIFIER = com.brninfotech.taskipaUITests;
				PRODUCT_NAME = "$(TARGET_NAME)";
				TEST_TARGET_NAME = taskipa;
				USES_XCTRUNNER = YES;
			};
			name = Release;
		};
/* End XCBuildConfiguration section */

/* Begin XCConfigurationList section */
		3F04CEB11DCD9CE9009D8D39 /* Build configuration list for PBXProject "taskipa" */ = {
			isa = XCConfigurationList;
			buildConfigurations = (
				3F04CEE41DCD9CEA009D8D39 /* Debug */,
				3F04CEE51DCD9CEA009D8D39 /* Release */,
			);
			defaultConfigurationIsVisible = 0;
			defaultConfigurationName = Release;
		};
		3F04CEE61DCD9CEA009D8D39 /* Build configuration list for PBXNativeTarget "taskipa" */ = {
			isa = XCConfigurationList;
			buildConfigurations = (
				3F04CEE71DCD9CEA009D8D39 /* Debug */,
				3F04CEE81DCD9CEA009D8D39 /* Release */,
			);
			defaultConfigurationIsVisible = 0;
		};
		3F04CEE91DCD9CEA009D8D39 /* Build configuration list for PBXNativeTarget "taskipaTests" */ = {
			isa = XCConfigurationList;
			buildConfigurations = (
				3F04CEEA1DCD9CEA009D8D39 /* Debug */,
				3F04CEEB1DCD9CEA009D8D39 /* Release */,
			);
			defaultConfigurationIsVisible = 0;
		};
		3F04CEEC1DCD9CEA009D8D39 /* Build configuration list for PBXNativeTarget "taskipaUITests" */ = {
			isa = XCConfigurationList;
			buildConfigurations = (
				3F04CEED1DCD9CEA009D8D39 /* Debug */,
				3F04CEEE1DCD9CEA009D8D39 /* Release */,
			);
			defaultConfigurationIsVisible = 0;
		};
/* End XCConfigurationList section */

/* Begin XCVersionGroup section */
		3F04CEC51DCD9CEA009D8D39 /* taskipa.xcdatamodeld */ = {
			isa = XCVersionGroup;
			children = (
				3F04CEC61DCD9CEA009D8D39 /* taskipa.xcdatamodel */,
			);
			currentVersion = 3F04CEC61DCD9CEA009D8D39 /* taskipa.xcdatamodel */;
			path = taskipa.xcdatamodeld;
			sourceTree = "<group>";
			versionGroupType = wrapper.xcdatamodel;
		};
/* End XCVersionGroup section */
	};
	rootObject = 3F04CEAE1DCD9CE9009D8D39 /* Project object */;
}
